<?xml version="1.0" encoding="UTF-8" standalone="yes" ?>
<CodeBlocks_project_file>
	<FileVersion major="1" minor="6" />
	<Project>
		<Option title="OpenGL4Basic" />
		<Option pch_mode="2" />
		<Option compiler="gcc" />
		<Build>
			<Target title="Debug">
				<Option output="bin/Debug/OpenGL4Basic" prefix_auto="1" extension_auto="1" />
				<Option object_output="obj/Debug/" />
				<Option type="1" />
				<Option compiler="gcc" />
				<Compiler>
					<Add option="-std=c++11" />
					<Add option="-g" />
					<Add option="`sdl2-config --cflags`" />
					<Add option="-DCOLLADA_DOM_SUPPORT141" />
					<Add directory="include" />
				</Compiler>
				<Linker>
					<Add option="`sdl2-config --libs`" />
					<Add option="`pkg-config --libs SDL2_image`" />
					<Add library="GL" />
					<Add library="boost_system" />
				</Linker>
			</Target>
			<Target title="Release">
				<Option output="bin/Release/OpenGL4Basic" prefix_auto="1" extension_auto="1" />
				<Option object_output="obj/Release/" />
				<Option type="1" />
				<Option compiler="gcc" />
				<Compiler>
					<Add option="-O2" />
					<Add directory="include" />
				</Compiler>
				<Linker>
					<Add option="-s" />
				</Linker>
			</Target>
		</Build>
		<Compiler>
			<Add option="-Wall" />
		</Compiler>
		<Unit filename="Box.cpp" />
		<Unit filename="Box.h" />
		<Unit filename="Camera.cpp" />
		<Unit filename="Camera.h" />
		<Unit filename="EAngle.cpp" />
		<Unit filename="EAngle.h" />
		<Unit filename="Face.cpp" />
		<Unit filename="Face.h" />
		<Unit filename="Light.cpp" />
		<Unit filename="Light.h" />
		<Unit filename="Main.cpp" />
		<Unit filename="Mat4.h" />
		<Unit filename="Material.cpp" />
		<Unit filename="Material.h" />
		<Unit filename="Math.cpp" />
		<Unit filename="Math.h" />
		<Unit filename="Model.cpp" />
		<Unit filename="Model.h" />
		<Unit filename="ModelLoader.h" />
		<Unit filename="ObjLoader.cpp" />
		<Unit filename="ObjLoader.h" />
		<Unit filename="ObjMaterial.cpp" />
		<Unit filename="ObjMaterial.h" />
		<Unit filename="PMDL.cpp" />
		<Unit filename="PMDL.h" />
		<Unit filename="Renderable.cpp" />
		<Unit filename="Renderable.h" />
		<Unit filename="Renderer.cpp" />
		<Unit filename="Renderer.h" />
		<Unit filename="Shader.cpp" />
		<Unit filename="Shader.h" />
		<Unit filename="Timer.cpp" />
		<Unit filename="Timer.h" />
		<Unit filename="UBOUniform.cpp" />
		<Unit filename="UBOUniform.h" />
		<Unit filename="Vec4.h" />
		<Unit filename="Vertex.cpp" />
		<Unit filename="Vertex.h" />
		<Unit filename="triplet.h" />
		<Extensions>
			<code_completion />
			<envvars />
			<lib_finder disable_auto="1" />
			<debugger />
		</Extensions>
	</Project>
</CodeBlocks_project_file>
